
Microsoft Visual Studio Solution File, Format Version 12.00
# Visual Studio Version 17
VisualStudioVersion = 17.9.34723.18
MinimumVisualStudioVersion = 10.0.40219.1
Project("{FAE04EC0-301F-11D3-BF4B-00C04F79EFBC}") = "DiamanteComLetras", "DiamanteComLetras\DiamanteComLetras.csproj", "{35E6B7A2-59C3-4880-A6CC-A0B09BDD44E1}"
EndProject
Global
	GlobalSection(SolutionConfigurationPlatforms) = preSolution
		Debug|Any CPU = Debug|Any CPU
		Release|Any CPU = Release|Any CPU
	EndGlobalSection
	GlobalSection(ProjectConfigurationPlatforms) = postSolution
		{35E6B7A2-59C3-4880-A6CC-A0B09BDD44E1}.Debug|Any CPU.ActiveCfg = Debug|Any CPU
		{35E6B7A2-59C3-4880-A6CC-A0B09BDD44E1}.Debug|Any CPU.Build.0 = Debug|Any CPU
		{35E6B7A2-59C3-4880-A6CC-A0B09BDD44E1}.Release|Any CPU.ActiveCfg = Release|Any CPU
		{35E6B7A2-59C3-4880-A6CC-A0B09BDD44E1}.Release|Any CPU.Build.0 = Release|Any CPU
	EndGlobalSection
	GlobalSection(SolutionProperties) = preSolution
		HideSolutionNode = FALSE
	EndGlobalSection
	GlobalSection(ExtensibilityGlobals) = postSolution
		SolutionGuid = {F055A7C3-3475-43B5-8A64-8343C668FDB0}
	EndGlobalSection
EndGlobal
